
Microsoft Visual Studio Solution File, Format Version 12.00
# Visual Studio Version 17
VisualStudioVersion = 17.10.35013.160
MinimumVisualStudioVersion = 10.0.40219.1
Project("{9A19103F-16F7-4668-BE54-9A1E7A4F7556}") = "Spotify", "Spotify\Spotify.csproj", "{559629DA-8F7F-4C72-AC45-6C83C7F2B169}"
EndProject
Global
	GlobalSection(SolutionConfigurationPlatforms) = preSolution
		Debug|Any CPU = Debug|Any CPU
		Release|Any CPU = Release|Any CPU
	EndGlobalSection
	GlobalSection(ProjectConfigurationPlatforms) = postSolution
		{559629DA-8F7F-4C72-AC45-6C83C7F2B169}.Debug|Any CPU.ActiveCfg = Debug|Any CPU
		{559629DA-8F7F-4C72-AC45-6C83C7F2B169}.Debug|Any CPU.Build.0 = Debug|Any CPU
		{559629DA-8F7F-4C72-AC45-6C83C7F2B169}.Release|Any CPU.ActiveCfg = Release|Any CPU
		{559629DA-8F7F-4C72-AC45-6C83C7F2B169}.Release|Any CPU.Build.0 = Release|Any CPU
	EndGlobalSection
	GlobalSection(SolutionProperties) = preSolution
		HideSolutionNode = FALSE
	EndGlobalSection
	GlobalSection(ExtensibilityGlobals) = postSolution
		SolutionGuid = {81F548EA-583F-4396-8793-A2733DF5B724}
	EndGlobalSection
EndGlobal
